
Microsoft Visual Studio Solution File, Format Version 11.00
# Visual Studio 2010
Project("{FAE04EC0-301F-11D3-BF4B-00C04F79EFBC}") = "Sem_Supervised_Sites_PartB", "Sem_Supervised_Sites_PartB.csproj", "{4B94E982-70E5-4ED8-878E-97462AEB20D5}"
EndProject
Project("{FAE04EC0-301F-11D3-BF4B-00C04F79EFBC}") = "Accord.Math", "..\Accord.Math\Accord.Math.csproj", "{F718E9A8-DB62-4785-8C49-4333A60D256A}"
EndProject
Project("{2150E333-8FDC-42A3-9474-1A3956D46DE8}") = "Pictures", "Pictures", "{37B3FD34-E657-40F8-895D-C54C1C5DEA37}"
	ProjectSection(SolutionItems) = preProject
		..\Pictures\Actions-edit-clear-icon.png = ..\Pictures\Actions-edit-clear-icon.png
		..\Pictures\Actions-list-remove-icon.png = ..\Pictures\Actions-list-remove-icon.png
		..\Pictures\Add-icon.png = ..\Pictures\Add-icon.png
		..\Pictures\Add-icon128.png = ..\Pictures\Add-icon128.png
		..\Pictures\Alarm-Arrow-Right-icon.png = ..\Pictures\Alarm-Arrow-Right-icon.png
		..\Pictures\Button-Forward-icon.png = ..\Pictures\Button-Forward-icon.png
		..\Pictures\Button-Rewind-icon.png = ..\Pictures\Button-Rewind-icon.png
		..\Pictures\left.png = ..\Pictures\left.png
		..\Pictures\propgressBar.png = ..\Pictures\propgressBar.png
		..\Pictures\right.png = ..\Pictures\right.png
		..\Pictures\search-icon.png = ..\Pictures\search-icon.png
	EndProjectSection
EndProject
Global
	GlobalSection(SolutionConfigurationPlatforms) = preSolution
		Debug|Any CPU = Debug|Any CPU
		Debug|x86 = Debug|x86
		Release|Any CPU = Release|Any CPU
		Release|x86 = Release|x86
	EndGlobalSection
	GlobalSection(ProjectConfigurationPlatforms) = postSolution
		{4B94E982-70E5-4ED8-878E-97462AEB20D5}.Debug|Any CPU.ActiveCfg = Debug|x86
		{4B94E982-70E5-4ED8-878E-97462AEB20D5}.Debug|Any CPU.Build.0 = Debug|x86
		{4B94E982-70E5-4ED8-878E-97462AEB20D5}.Debug|x86.ActiveCfg = Debug|x86
		{4B94E982-70E5-4ED8-878E-97462AEB20D5}.Debug|x86.Build.0 = Debug|x86
		{4B94E982-70E5-4ED8-878E-97462AEB20D5}.Release|Any CPU.ActiveCfg = Release|x86
		{4B94E982-70E5-4ED8-878E-97462AEB20D5}.Release|x86.ActiveCfg = Release|x86
		{4B94E982-70E5-4ED8-878E-97462AEB20D5}.Release|x86.Build.0 = Release|x86
		{F718E9A8-DB62-4785-8C49-4333A60D256A}.Debug|Any CPU.ActiveCfg = Debug|Any CPU
		{F718E9A8-DB62-4785-8C49-4333A60D256A}.Debug|Any CPU.Build.0 = Debug|Any CPU
		{F718E9A8-DB62-4785-8C49-4333A60D256A}.Debug|x86.ActiveCfg = Debug|x86
		{F718E9A8-DB62-4785-8C49-4333A60D256A}.Debug|x86.Build.0 = Debug|x86
		{F718E9A8-DB62-4785-8C49-4333A60D256A}.Release|Any CPU.ActiveCfg = Release|Any CPU
		{F718E9A8-DB62-4785-8C49-4333A60D256A}.Release|Any CPU.Build.0 = Release|Any CPU
		{F718E9A8-DB62-4785-8C49-4333A60D256A}.Release|x86.ActiveCfg = Release|x86
		{F718E9A8-DB62-4785-8C49-4333A60D256A}.Release|x86.Build.0 = Release|x86
	EndGlobalSection
	GlobalSection(SolutionProperties) = preSolution
		HideSolutionNode = FALSE
	EndGlobalSection
EndGlobal
